dependencies:
- name: api
  repository: file://./charts/api
  version: 0.1.0
- name: web
  repository: file://./charts/web
  version: 0.1.0
- name: secrets
  repository: file://./charts/secrets
  version: 0.1.0
digest: sha256:3fd1c29a032903d644f67f9d08d75d594a1095a0d78a6865fb7dc1deb6e9a946
generated: "2025-05-03T17:28:52.585185-07:00"
