dependencies:
- name: api
  repository: file://./charts/api
  version: 0.1.0
- name: web
  repository: file://./charts/web
  version: 0.1.0
- name: secrets
  repository: file://./charts/secrets
  version: 0.1.0
- name: argocd
  repository: file://./charts/argocd
  version: 0.1.0
digest: sha256:83e625a305b395bb608507f96de1dbe637fabfacc5ff845f2900a07cd435a933
generated: "2025-05-06T21:21:52.076825-07:00"
